{
    "_readme": [
        "This file locks the dependencies of your project to a known state",
        "Read more about it at https://getcomposer.org/doc/01-basic-usage.md#installing-dependencies",
        "This file is @generated automatically"
    ],
    "content-hash": "7a00788f41eda7e0917ee6eb29d14119",
    "packages": [
        {
            "name": "composer/installers",
            "version": "v2.3.0",
            "source": {
                "type": "git",
                "url": "https://github.com/composer/installers.git",
                "reference": "12fb2dfe5e16183de69e784a7b84046c43d97e8e"
            },
            "dist": {
                "type": "zip",
                "url": "https://api.github.com/repos/composer/installers/zipball/12fb2dfe5e16183de69e784a7b84046c43d97e8e",
                "reference": "12fb2dfe5e16183de69e784a7b84046c43d97e8e",
                "shasum": ""
            },
            "require": {
                "composer-plugin-api": "^1.0 || ^2.0",
                "php": "^7.2 || ^8.0"
            },
            "require-dev": {
                "composer/composer": "^1.10.27 || ^2.7",
                "composer/semver": "^1.7.2 || ^3.4.0",
                "phpstan/phpstan": "^1.11",
                "phpstan/phpstan-phpunit": "^1",
                "symfony/phpunit-bridge": "^7.1.1",
                "symfony/process": "^5 || ^6 || ^7"
            },
            "type": "composer-plugin",
            "extra": {
                "class": "Composer\\Installers\\Plugin",
                "branch-alias": {
                    "dev-main": "2.x-dev"
                },
                "plugin-modifies-install-path": true
            },
            "autoload": {
                "psr-4": {
                    "Composer\\Installers\\": "src/Composer/Installers"
                }
            },
            "notification-url": "https://packagist.org/downloads/",
            "license": [
                "MIT"
            ],
            "authors": [
                {
                    "name": "Kyle Robinson Young",
                    "email": "kyle@dontkry.com",
                    "homepage": "https://github.com/shama"
                }
            ],
            "description": "A multi-framework Composer library installer",
            "homepage": "https://composer.github.io/installers/",
            "keywords": [
                "Dolibarr",
                "Eliasis",
                "Hurad",
                "ImageCMS",
                "Kanboard",
                "Lan Management System",
                "MODX Evo",
                "MantisBT",
                "Mautic",
                "Maya",
                "OXID",
                "Plentymarkets",
                "Porto",
                "RadPHP",
                "SMF",
                "Starbug",
                "Thelia",
                "Whmcs",
                "WolfCMS",
                "agl",
                "annotatecms",
                "attogram",
                "bitrix",
                "cakephp",
                "chef",
                "cockpit",
                "codeigniter",
                "concrete5",
                "concreteCMS",
                "croogo",
                "dokuwiki",
                "drupal",
                "eZ Platform",
                "elgg",
                "expressionengine",
                "fuelphp",
                "grav",
                "installer",
                "itop",
                "known",
                "kohana",
                "laravel",
                "lavalite",
                "lithium",
                "magento",
                "majima",
                "mako",
                "matomo",
                "mediawiki",
                "miaoxing",
                "modulework",
                "modx",
                "moodle",
                "osclass",
                "pantheon",
                "phpbb",
                "piwik",
                "ppi",
                "processwire",
                "puppet",
                "pxcms",
                "reindex",
                "roundcube",
                "shopware",
                "silverstripe",
                "sydes",
                "sylius",
                "tastyigniter",
                "wordpress",
                "yawik",
                "zend",
                "zikula"
            ],
            "support": {
                "issues": "https://github.com/composer/installers/issues",
                "source": "https://github.com/composer/installers/tree/v2.3.0"
            },
            "funding": [
                {
                    "url": "https://packagist.com",
                    "type": "custom"
                },
                {
                    "url": "https://github.com/composer",
                    "type": "github"
                },
                {
                    "url": "https://tidelift.com/funding/github/packagist/composer/composer",
                    "type": "tidelift"
                }
            ],
            "time": "2024-06-24T20:46:46+00:00"
        },
        {
            "name": "deliciousbrains-plugin/wp-migrate-db-pro",
            "version": "2.7.9",
            "dist": {
                "type": "zip",
                "url": "https://composer.deliciousbrains.com/?wc-api=delicious-brains&request=composer_download&package=wp-migrate-db-pro&version=2.7.9"
            },
            "require": {
                "composer/installers": "~1.0 || ~2.0"
            },
            "type": "wordpress-plugin"
        },
        {
            "name": "johnpbloch/wordpress-core-installer",
            "version": "2.0.0",
            "source": {
                "type": "git",
                "url": "https://github.com/johnpbloch/wordpress-core-installer.git",
                "reference": "237faae9a60a4a2e1d45dce1a5836ffa616de63e"
            },
            "dist": {
                "type": "zip",
                "url": "https://api.github.com/repos/johnpbloch/wordpress-core-installer/zipball/237faae9a60a4a2e1d45dce1a5836ffa616de63e",
                "reference": "237faae9a60a4a2e1d45dce1a5836ffa616de63e",
                "shasum": ""
            },
            "require": {
                "composer-plugin-api": "^1.0 || ^2.0",
                "php": ">=5.6.0"
            },
            "conflict": {
                "composer/installers": "<1.0.6"
            },
            "require-dev": {
                "composer/composer": "^1.0 || ^2.0",
                "phpunit/phpunit": ">=5.7.27"
            },
            "type": "composer-plugin",
            "extra": {
                "class": "johnpbloch\\Composer\\WordPressCorePlugin"
            },
            "autoload": {
                "psr-0": {
                    "johnpbloch\\Composer\\": "src/"
                }
            },
            "notification-url": "https://packagist.org/downloads/",
            "license": [
                "GPL-2.0-or-later"
            ],
            "authors": [
                {
                    "name": "John P. Bloch",
                    "email": "me@johnpbloch.com"
                }
            ],
            "description": "A custom installer to handle deploying WordPress with composer",
            "keywords": [
                "wordpress"
            ],
            "support": {
                "issues": "https://github.com/johnpbloch/wordpress-core-installer/issues",
                "source": "https://github.com/johnpbloch/wordpress-core-installer/tree/master"
            },
            "time": "2020-04-16T21:44:57+00:00"
        },
        {
            "name": "mmucklo/krumo",
            "version": "v0.7.6",
            "source": {
                "type": "git",
                "url": "https://github.com/mmucklo/krumo.git",
                "reference": "823d5d33366eb65736dcd377e70c0aa30f87d1de"
            },
            "dist": {
                "type": "zip",
                "url": "https://api.github.com/repos/mmucklo/krumo/zipball/823d5d33366eb65736dcd377e70c0aa30f87d1de",
                "reference": "823d5d33366eb65736dcd377e70c0aa30f87d1de",
                "shasum": ""
            },
            "require": {
                "php": ">=7.0"
            },
            "require-dev": {
                "fabpot/php-cs-fixer": "dev-master",
                "phpmd/phpmd": "dev-master"
            },
            "type": "library",
            "autoload": {
                "files": [
                    "class.krumo.php"
                ]
            },
            "notification-url": "https://packagist.org/downloads/",
            "license": [
                "LGPL"
            ],
            "authors": [
                {
                    "name": "Kaloyan K. Tsvetkov",
                    "email": "kaloyan@kaloyan.info"
                },
                {
                    "name": "Matthew J. Mucklo",
                    "email": "mmucklo@gmail.com"
                },
                {
                    "name": "Stefan Thomas",
                    "email": "moon@justmoon.de"
                },
                {
                    "name": "Scott Baker",
                    "email": "scott@perturb.org"
                }
            ],
            "description": "KRUMO - version 2.0 of print_r(); and var_dump(); (with new updates)",
            "keywords": [
                "debug",
                "debugging",
                "krumo",
                "pretty",
                "print",
                "print_r",
                "var_dump"
            ],
            "support": {
                "issues": "https://github.com/mmucklo/krumo/issues",
                "source": "https://github.com/mmucklo/krumo/tree/v0.7.6"
            },
            "time": "2026-03-03T19:03:56+00:00"
        },
        {
            "name": "modern-climate/mc-wp-starter-theme",
            "version": "dev-master",
            "source": {
                "type": "git",
                "url": "https://github.com/ModernClimate/mc-wp-starter-theme.git",
                "reference": "0ce3a184fcbc50f77183efefe79e9f365409d79d"
            },
            "dist": {
                "type": "zip",
                "url": "https://api.github.com/repos/ModernClimate/mc-wp-starter-theme/zipball/0ce3a184fcbc50f77183efefe79e9f365409d79d",
                "reference": "0ce3a184fcbc50f77183efefe79e9f365409d79d",
                "shasum": ""
            },
            "require": {
                "vinkla/extended-acf": "^13.7.1"
            },
            "require-dev": {
                "php-stubs/acf-pro-stubs": "*"
            },
            "default-branch": true,
            "type": "wordpress-theme",
            "autoload": {
                "psr-4": {
                    "MC\\": ""
                }
            },
            "description": "A WordPress starter theme for Modern Climate.",
            "support": {
                "source": "https://github.com/ModernClimate/mc-wp-starter-theme/tree/master",
                "issues": "https://github.com/ModernClimate/mc-wp-starter-theme/issues"
            },
            "time": "2023-09-12T13:21:00+00:00"
        },
        {
            "name": "oscarotero/env",
            "version": "v1.2.0",
            "source": {
                "type": "git",
                "url": "https://github.com/oscarotero/env.git",
                "reference": "4ab45ce5c1f2c62549208426bfa20a3d5fa008c6"
            },
            "dist": {
                "type": "zip",
                "url": "https://api.github.com/repos/oscarotero/env/zipball/4ab45ce5c1f2c62549208426bfa20a3d5fa008c6",
                "reference": "4ab45ce5c1f2c62549208426bfa20a3d5fa008c6",
                "shasum": ""
            },
            "require": {
                "ext-ctype": "*",
                "php": ">=5.2"
            },
            "type": "library",
            "autoload": {
                "psr-0": {
                    "Env": "src/"
                }
            },
            "notification-url": "https://packagist.org/downloads/",
            "license": [
                "MIT"
            ],
            "authors": [
                {
                    "name": "Oscar Otero",
                    "email": "oom@oscarotero.com",
                    "homepage": "http://oscarotero.com",
                    "role": "Developer"
                }
            ],
            "description": "Simple library to consume environment variables",
            "homepage": "https://github.com/oscarotero/env",
            "keywords": [
                "env"
            ],
            "support": {
                "email": "oom@oscarotero.com",
                "issues": "https://github.com/oscarotero/env/issues",
                "source": "https://github.com/oscarotero/env/tree/v1.2.0"
            },
            "time": "2019-04-03T18:28:43+00:00"
        },
        {
            "name": "pantheon-systems/pantheon-advanced-page-cache",
            "version": "2.1.2",
            "source": {
                "type": "git",
                "url": "https://github.com/pantheon-systems/pantheon-advanced-page-cache.git",
                "reference": "68b43e7564ce9acd131757f1a3f6685b30323228"
            },
            "dist": {
                "type": "zip",
                "url": "https://api.github.com/repos/pantheon-systems/pantheon-advanced-page-cache/zipball/68b43e7564ce9acd131757f1a3f6685b30323228",
                "reference": "68b43e7564ce9acd131757f1a3f6685b30323228",
                "shasum": ""
            },
            "require-dev": {
                "behat/behat": "^3.1",
                "behat/mink-extension": "^2.2",
                "behat/mink-goutte-driver": "^1.2",
                "pantheon-systems/pantheon-wordpress-upstream-tests": "dev-master",
                "pantheon-systems/pantheon-wp-coding-standards": "^3.0",
                "pantheon-systems/wpunit-helpers": "^2.0",
                "phpcompatibility/php-compatibility": "^9.3",
                "phpunit/phpunit": "^9",
                "yoast/phpunit-polyfills": "^4.0"
            },
            "type": "wordpress-plugin",
            "notification-url": "https://packagist.org/downloads/",
            "authors": [
                {
                    "name": "Pantheon",
                    "email": "noreply@pantheon.io"
                }
            ],
            "support": {
                "issues": "https://github.com/pantheon-systems/pantheon-advanced-page-cache/issues",
                "source": "https://github.com/pantheon-systems/pantheon-advanced-page-cache/tree/2.1.2"
            },
            "time": "2025-12-16T18:05:36+00:00"
        },
        {
            "name": "pantheon-systems/wordpress-composer",
            "version": "7.0",
            "source": {
                "type": "git",
                "url": "https://github.com/pantheon-systems/wordpress-composer.git",
                "reference": "75c80e1d70dc0302fb5928527424e0af28a8ad73"
            },
            "dist": {
                "type": "zip",
                "url": "https://api.github.com/repos/pantheon-systems/wordpress-composer/zipball/75c80e1d70dc0302fb5928527424e0af28a8ad73",
                "reference": "75c80e1d70dc0302fb5928527424e0af28a8ad73",
                "shasum": ""
            },
            "require": {
                "johnpbloch/wordpress-core-installer": "^2.0"
            },
            "type": "wordpress-core",
            "extra": {
                "branch-alias": {
                    "dev-master": "5.x-dev"
                },
                "wordpress-install-dir": "web/wp"
            },
            "license": [
                "GPL-2.0+"
            ],
            "description": "WordPress for Pantheon with a composer.json file.",
            "support": {
                "source": "https://github.com/pantheon-systems/wordpress-composer/tree/7.0",
                "issues": "https://github.com/pantheon-systems/wordpress-composer/issues"
            },
            "time": "2026-05-26T23:47:12+00:00"
        },
        {
            "name": "phpoption/phpoption",
            "version": "1.9.5",
            "source": {
                "type": "git",
                "url": "https://github.com/schmittjoh/php-option.git",
                "reference": "75365b91986c2405cf5e1e012c5595cd487a98be"
            },
            "dist": {
                "type": "zip",
                "url": "https://api.github.com/repos/schmittjoh/php-option/zipball/75365b91986c2405cf5e1e012c5595cd487a98be",
                "reference": "75365b91986c2405cf5e1e012c5595cd487a98be",
                "shasum": ""
            },
            "require": {
                "php": "^7.2.5 || ^8.0"
            },
            "require-dev": {
                "bamarni/composer-bin-plugin": "^1.8.2",
                "phpunit/phpunit": "^8.5.44 || ^9.6.25 || ^10.5.53 || ^11.5.34"
            },
            "type": "library",
            "extra": {
                "bamarni-bin": {
                    "bin-links": true,
                    "forward-command": false
                },
                "branch-alias": {
                    "dev-master": "1.9-dev"
                }
            },
            "autoload": {
                "psr-4": {
                    "PhpOption\\": "src/PhpOption/"
                }
            },
            "notification-url": "https://packagist.org/downloads/",
            "license": [
                "Apache-2.0"
            ],
            "authors": [
                {
                    "name": "Johannes M. Schmitt",
                    "email": "schmittjoh@gmail.com",
                    "homepage": "https://github.com/schmittjoh"
                },
                {
                    "name": "Graham Campbell",
                    "email": "hello@gjcampbell.co.uk",
                    "homepage": "https://github.com/GrahamCampbell"
                }
            ],
            "description": "Option Type for PHP",
            "keywords": [
                "language",
                "option",
                "php",
                "type"
            ],
            "support": {
                "issues": "https://github.com/schmittjoh/php-option/issues",
                "source": "https://github.com/schmittjoh/php-option/tree/1.9.5"
            },
            "funding": [
                {
                    "url": "https://github.com/GrahamCampbell",
                    "type": "github"
                },
                {
                    "url": "https://tidelift.com/funding/github/packagist/phpoption/phpoption",
                    "type": "tidelift"
                }
            ],
            "time": "2025-12-27T19:41:33+00:00"
        },
        {
            "name": "roots/wp-config",
            "version": "1.0.0",
            "source": {
                "type": "git",
                "url": "https://github.com/roots/wp-config.git",
                "reference": "37c38230796119fb487fa03346ab0706ce6d4962"
            },
            "dist": {
                "type": "zip",
                "url": "https://api.github.com/repos/roots/wp-config/zipball/37c38230796119fb487fa03346ab0706ce6d4962",
                "reference": "37c38230796119fb487fa03346ab0706ce6d4962",
                "shasum": ""
            },
            "require": {
                "php": ">=5.6"
            },
            "require-dev": {
                "php-coveralls/php-coveralls": "^2.1",
                "phpunit/phpunit": "^5.7",
                "roave/security-advisories": "dev-master",
                "squizlabs/php_codesniffer": "^3.3"
            },
            "type": "library",
            "autoload": {
                "psr-4": {
                    "Roots\\WPConfig\\": "src"
                }
            },
            "notification-url": "https://packagist.org/downloads/",
            "license": [
                "MIT"
            ],
            "authors": [
                {
                    "name": "Austin Pray",
                    "email": "austin@austinpray.com"
                }
            ],
            "description": "Collect configuration values and safely define() them",
            "support": {
                "issues": "https://github.com/roots/wp-config/issues",
                "source": "https://github.com/roots/wp-config/tree/master"
            },
            "time": "2018-08-10T14:18:38+00:00"
        },
        {
            "name": "roots/wp-password-bcrypt",
            "version": "1.3.0",
            "source": {
                "type": "git",
                "url": "https://github.com/roots/wp-password-bcrypt.git",
                "reference": "e84fb85329c54b99a9176751cfb885497bcdc110"
            },
            "dist": {
                "type": "zip",
                "url": "https://api.github.com/repos/roots/wp-password-bcrypt/zipball/e84fb85329c54b99a9176751cfb885497bcdc110",
                "reference": "e84fb85329c54b99a9176751cfb885497bcdc110",
                "shasum": ""
            },
            "require": {
                "php": ">=8.0"
            },
            "conflict": {
                "roots/wordpress-full": ">=6.8",
                "roots/wordpress-no-content": ">=6.8"
            },
            "require-dev": {
                "brain/monkey": "^2.6",
                "dealerdirect/phpcodesniffer-composer-installer": "^0.7.0",
                "mockery/mockery": "^1.4",
                "phpcompatibility/php-compatibility": "^9.3",
                "phpunit/phpunit": "^9.6",
                "squizlabs/php_codesniffer": "^3.5"
            },
            "type": "library",
            "autoload": {
                "files": [
                    "wp-password-bcrypt.php"
                ]
            },
            "notification-url": "https://packagist.org/downloads/",
            "license": [
                "MIT"
            ],
            "authors": [
                {
                    "name": "Scott Walkinshaw",
                    "email": "scott.walkinshaw@gmail.com",
                    "homepage": "https://github.com/swalkinshaw"
                },
                {
                    "name": "QWp6t",
                    "homepage": "https://github.com/qwp6t"
                },
                {
                    "name": "Brandon Nifong",
                    "homepage": "https://github.com/log1x"
                },
                {
                    "name": "Jan Pingel",
                    "email": "jpingel@bitpiston.com",
                    "homepage": "http://janpingel.com"
                }
            ],
            "description": "WordPress plugin which replaces wp_hash_password and wp_check_password's phpass hasher with PHP 5.5's password_hash and password_verify using bcrypt.",
            "homepage": "https://roots.io/plugins/wp-password-bcrypt",
            "keywords": [
                "bcrypt",
                "passwords",
                "wordpress"
            ],
            "support": {
                "forum": "https://discourse.roots.io/",
                "issues": "https://github.com/roots/wp-password-bcrypt/issues",
                "source": "https://github.com/roots/wp-password-bcrypt/tree/1.3.0"
            },
            "funding": [
                {
                    "url": "https://github.com/roots",
                    "type": "github"
                }
            ],
            "abandoned": "roots/wp-password-bcrypt",
            "time": "2025-04-16T14:47:02+00:00"
        },
        {
            "name": "symfony/polyfill-ctype",
            "version": "v1.37.0",
            "source": {
                "type": "git",
                "url": "https://github.com/symfony/polyfill-ctype.git",
                "reference": "141046a8f9477948ff284fa65be2095baafb94f2"
            },
            "dist": {
                "type": "zip",
                "url": "https://api.github.com/repos/symfony/polyfill-ctype/zipball/141046a8f9477948ff284fa65be2095baafb94f2",
                "reference": "141046a8f9477948ff284fa65be2095baafb94f2",
                "shasum": ""
            },
            "require": {
                "php": ">=7.2"
            },
            "provide": {
                "ext-ctype": "*"
            },
            "suggest": {
                "ext-ctype": "For best performance"
            },
            "type": "library",
            "extra": {
                "thanks": {
                    "url": "https://github.com/symfony/polyfill",
                    "name": "symfony/polyfill"
                }
            },
            "autoload": {
                "files": [
                    "bootstrap.php"
                ],
                "psr-4": {
                    "Symfony\\Polyfill\\Ctype\\": ""
                }
            },
            "notification-url": "https://packagist.org/downloads/",
            "license": [
                "MIT"
            ],
            "authors": [
                {
                    "name": "Gert de Pagter",
                    "email": "BackEndTea@gmail.com"
                },
                {
                    "name": "Symfony Community",
                    "homepage": "https://symfony.com/contributors"
                }
            ],
            "description": "Symfony polyfill for ctype functions",
            "homepage": "https://symfony.com",
            "keywords": [
                "compatibility",
                "ctype",
                "polyfill",
                "portable"
            ],
            "support": {
                "source": "https://github.com/symfony/polyfill-ctype/tree/v1.37.0"
            },
            "funding": [
                {
                    "url": "https://symfony.com/sponsor",
                    "type": "custom"
                },
                {
                    "url": "https://github.com/fabpot",
                    "type": "github"
                },
                {
                    "url": "https://github.com/nicolas-grekas",
                    "type": "github"
                },
                {
                    "url": "https://tidelift.com/funding/github/packagist/symfony/symfony",
                    "type": "tidelift"
                }
            ],
            "time": "2026-04-10T16:19:22+00:00"
        },
        {
            "name": "vinkla/extended-acf",
            "version": "13.7.1",
            "source": {
                "type": "git",
                "url": "https://github.com/vinkla/extended-acf.git",
                "reference": "dc6a3341d529b55d2add8a3d60e83e6cbe9a3ef7"
            },
            "dist": {
                "type": "zip",
                "url": "https://api.github.com/repos/vinkla/extended-acf/zipball/dc6a3341d529b55d2add8a3d60e83e6cbe9a3ef7",
                "reference": "dc6a3341d529b55d2add8a3d60e83e6cbe9a3ef7",
                "shasum": ""
            },
            "require": {
                "php": "^8.1"
            },
            "require-dev": {
                "phpunit/phpunit": "^10.1",
                "symfony/var-dumper": "^6.3"
            },
            "suggest": {
                "symfony/var-dumper": "Required to use the dump method (^6.3)."
            },
            "type": "library",
            "extra": {
                "branch-alias": {
                    "dev-master": "13.8-dev"
                }
            },
            "autoload": {
                "files": [
                    "src/helpers.php"
                ],
                "psr-4": {
                    "Extended\\ACF\\": "src/"
                }
            },
            "notification-url": "https://packagist.org/downloads/",
            "license": [
                "MIT"
            ],
            "authors": [
                {
                    "name": "Vincent Klaiber",
                    "email": "hello@doubledip.se"
                }
            ],
            "description": "Register advanced custom fields with object-oriented PHP",
            "keywords": [
                "acf",
                "advanced",
                "custom",
                "extended",
                "fields",
                "wordpress"
            ],
            "support": {
                "issues": "https://github.com/vinkla/extended-acf/issues",
                "source": "https://github.com/vinkla/extended-acf/tree/13.7.1"
            },
            "time": "2023-09-04T07:05:47+00:00"
        },
        {
            "name": "vlucas/phpdotenv",
            "version": "v4.3.0",
            "source": {
                "type": "git",
                "url": "https://github.com/vlucas/phpdotenv.git",
                "reference": "67a491df68208bef8c37092db11fa3885008efcf"
            },
            "dist": {
                "type": "zip",
                "url": "https://api.github.com/repos/vlucas/phpdotenv/zipball/67a491df68208bef8c37092db11fa3885008efcf",
                "reference": "67a491df68208bef8c37092db11fa3885008efcf",
                "shasum": ""
            },
            "require": {
                "php": "^5.5.9 || ^7.0 || ^8.0",
                "phpoption/phpoption": "^1.7.3",
                "symfony/polyfill-ctype": "^1.17"
            },
            "require-dev": {
                "bamarni/composer-bin-plugin": "^1.4.1",
                "ext-filter": "*",
                "ext-pcre": "*",
                "phpunit/phpunit": "^4.8.36 || ^5.7.27 || ^6.5.14 || ^7.5.20 || ^8.5.30"
            },
            "suggest": {
                "ext-filter": "Required to use the boolean validator.",
                "ext-pcre": "Required to use most of the library."
            },
            "type": "library",
            "extra": {
                "bamarni-bin": {
                    "bin-links": true,
                    "forward-command": true
                },
                "branch-alias": {
                    "dev-master": "4.3-dev"
                }
            },
            "autoload": {
                "psr-4": {
                    "Dotenv\\": "src/"
                }
            },
            "notification-url": "https://packagist.org/downloads/",
            "license": [
                "BSD-3-Clause"
            ],
            "authors": [
                {
                    "name": "Graham Campbell",
                    "email": "hello@gjcampbell.co.uk",
                    "homepage": "https://github.com/GrahamCampbell"
                },
                {
                    "name": "Vance Lucas",
                    "email": "vance@vancelucas.com",
                    "homepage": "https://github.com/vlucas"
                }
            ],
            "description": "Loads environment variables from `.env` to `getenv()`, `$_ENV` and `$_SERVER` automagically.",
            "keywords": [
                "dotenv",
                "env",
                "environment"
            ],
            "support": {
                "issues": "https://github.com/vlucas/phpdotenv/issues",
                "source": "https://github.com/vlucas/phpdotenv/tree/v4.3.0"
            },
            "funding": [
                {
                    "url": "https://github.com/GrahamCampbell",
                    "type": "github"
                },
                {
                    "url": "https://tidelift.com/funding/github/packagist/vlucas/phpdotenv",
                    "type": "tidelift"
                }
            ],
            "time": "2022-10-16T00:51:09+00:00"
        },
        {
            "name": "wpackagist-plugin/acf-better-search",
            "version": "4.5.0",
            "source": {
                "type": "svn",
                "url": "https://plugins.svn.wordpress.org/acf-better-search/",
                "reference": "tags/4.5.0"
            },
            "dist": {
                "type": "zip",
                "url": "https://downloads.wordpress.org/plugin/acf-better-search.4.5.0.zip"
            },
            "require": {
                "composer/installers": "^1.0 || ^2.0"
            },
            "type": "wordpress-plugin",
            "homepage": "https://wordpress.org/plugins/acf-better-search/"
        },
        {
            "name": "wpackagist-plugin/cmp-coming-soon-maintenance",
            "version": "4.1.17",
            "source": {
                "type": "svn",
                "url": "https://plugins.svn.wordpress.org/cmp-coming-soon-maintenance/",
                "reference": "tags/4.1.17"
            },
            "dist": {
                "type": "zip",
                "url": "https://downloads.wordpress.org/plugin/cmp-coming-soon-maintenance.4.1.17.zip"
            },
            "require": {
                "composer/installers": "^1.0 || ^2.0"
            },
            "type": "wordpress-plugin",
            "homepage": "https://wordpress.org/plugins/cmp-coming-soon-maintenance/"
        },
        {
            "name": "wpackagist-plugin/debug-bar",
            "version": "1.1.8",
            "source": {
                "type": "svn",
                "url": "https://plugins.svn.wordpress.org/debug-bar/",
                "reference": "tags/1.1.8"
            },
            "dist": {
                "type": "zip",
                "url": "https://downloads.wordpress.org/plugin/debug-bar.1.1.8.zip"
            },
            "require": {
                "composer/installers": "^1.0 || ^2.0"
            },
            "type": "wordpress-plugin",
            "homepage": "https://wordpress.org/plugins/debug-bar/"
        },
        {
            "name": "wpackagist-plugin/google-tag-manager",
            "version": "1.0.3",
            "source": {
                "type": "svn",
                "url": "https://plugins.svn.wordpress.org/google-tag-manager/",
                "reference": "tags/1.0.3"
            },
            "dist": {
                "type": "zip",
                "url": "https://downloads.wordpress.org/plugin/google-tag-manager.1.0.3.zip"
            },
            "require": {
                "composer/installers": "^1.0 || ^2.0"
            },
            "type": "wordpress-plugin",
            "homepage": "https://wordpress.org/plugins/google-tag-manager/"
        },
        {
            "name": "wpackagist-plugin/megamenu",
            "version": "3.10.6",
            "source": {
                "type": "svn",
                "url": "https://plugins.svn.wordpress.org/megamenu/",
                "reference": "tags/3.10.6"
            },
            "dist": {
                "type": "zip",
                "url": "https://downloads.wordpress.org/plugin/megamenu.3.10.6.zip"
            },
            "require": {
                "composer/installers": "^1.0 || ^2.0"
            },
            "type": "wordpress-plugin",
            "homepage": "https://wordpress.org/plugins/megamenu/"
        },
        {
            "name": "wpackagist-plugin/redirection",
            "version": "5.7.5",
            "source": {
                "type": "svn",
                "url": "https://plugins.svn.wordpress.org/redirection/",
                "reference": "tags/5.7.5"
            },
            "dist": {
                "type": "zip",
                "url": "https://downloads.wordpress.org/plugin/redirection.5.7.5.zip"
            },
            "require": {
                "composer/installers": "^1.0 || ^2.0"
            },
            "type": "wordpress-plugin",
            "homepage": "https://wordpress.org/plugins/redirection/"
        },
        {
            "name": "wpackagist-plugin/regenerate-thumbnails",
            "version": "3.1.6",
            "source": {
                "type": "svn",
                "url": "https://plugins.svn.wordpress.org/regenerate-thumbnails/",
                "reference": "tags/3.1.6"
            },
            "dist": {
                "type": "zip",
                "url": "https://downloads.wordpress.org/plugin/regenerate-thumbnails.3.1.6.zip"
            },
            "require": {
                "composer/installers": "^1.0 || ^2.0"
            },
            "type": "wordpress-plugin",
            "homepage": "https://wordpress.org/plugins/regenerate-thumbnails/"
        },
        {
            "name": "wpackagist-plugin/wordpress-seo",
            "version": "27.8",
            "source": {
                "type": "svn",
                "url": "https://plugins.svn.wordpress.org/wordpress-seo/",
                "reference": "tags/27.8"
            },
            "dist": {
                "type": "zip",
                "url": "https://downloads.wordpress.org/plugin/wordpress-seo.27.8.zip"
            },
            "require": {
                "composer/installers": "^1.0 || ^2.0"
            },
            "type": "wordpress-plugin",
            "homepage": "https://wordpress.org/plugins/wordpress-seo/"
        },
        {
            "name": "wpackagist-plugin/wp-native-php-sessions",
            "version": "1.4.5",
            "source": {
                "type": "svn",
                "url": "https://plugins.svn.wordpress.org/wp-native-php-sessions/",
                "reference": "tags/1.4.5"
            },
            "dist": {
                "type": "zip",
                "url": "https://downloads.wordpress.org/plugin/wp-native-php-sessions.1.4.5.zip"
            },
            "require": {
                "composer/installers": "^1.0 || ^2.0"
            },
            "type": "wordpress-plugin",
            "homepage": "https://wordpress.org/plugins/wp-native-php-sessions/"
        },
        {
            "name": "wpackagist-plugin/wp-smushit",
            "version": "4.1.0",
            "source": {
                "type": "svn",
                "url": "https://plugins.svn.wordpress.org/wp-smushit/",
                "reference": "tags/4.1.0"
            },
            "dist": {
                "type": "zip",
                "url": "https://downloads.wordpress.org/plugin/wp-smushit.4.1.0.zip"
            },
            "require": {
                "composer/installers": "^1.0 || ^2.0"
            },
            "type": "wordpress-plugin",
            "homepage": "https://wordpress.org/plugins/wp-smushit/"
        },
        {
            "name": "wpackagist-theme/twentytwentyone",
            "version": "2.8",
            "source": {
                "type": "svn",
                "url": "https://themes.svn.wordpress.org/twentytwentyone/",
                "reference": "2.8"
            },
            "dist": {
                "type": "zip",
                "url": "https://downloads.wordpress.org/theme/twentytwentyone.2.8.zip"
            },
            "require": {
                "composer/installers": "^1.0 || ^2.0"
            },
            "type": "wordpress-theme",
            "homepage": "https://wordpress.org/themes/twentytwentyone/"
        },
        {
            "name": "wpengine/advanced-custom-fields-pro",
            "version": "6.8.3",
            "dist": {
                "type": "zip",
                "url": "https://connect.advancedcustomfields.com/v2/plugins/composer_download?s=composer&p=pro&t=6.8.3"
            },
            "require": {
                "composer/installers": "~1.0 || ~2.0"
            },
            "replace": {
                "wpackagist-plugin/advanced-custom-fields": "self.version",
                "wpengine/advanced-custom-fields": "self.version"
            },
            "type": "wordpress-plugin"
        }
    ],
    "packages-dev": [],
    "aliases": [],
    "minimum-stability": "stable",
    "stability-flags": {
        "modern-climate/mc-wp-starter-theme": 20
    },
    "prefer-stable": false,
    "prefer-lowest": false,
    "platform": [],
    "platform-dev": [],
    "platform-overrides": {
        "php": "8.1"
    },
    "plugin-api-version": "2.3.0"
}
